PODS:
  - Alamofire (4.5.0)
  - DeviceKit (1.2.3)
  - Kingfisher (3.10.2)
  - MJRefresh (3.1.12)
  - Realm (2.8.3):
    - Realm/Headers (= 2.8.3)
  - Realm/Headers (2.8.3)
  - RealmSwift (2.8.3):
    - Realm (= 2.8.3)
  - Ruler (1.0.1)
  - RxCocoa (3.5.0):
    - RxSwift (~> 3.4)
  - RxSwift (3.5.0)
  - SnapKit (3.2.0)
  - SwiftyJSON (3.1.4)
  - SwiftyMD5 (0.0.2)

DEPENDENCIES:
  - Alamofire
  - DeviceKit
  - Kingfisher
  - MJRefresh
  - RealmSwift
  - Ruler
  - RxCocoa
  - RxSwift
  - SnapKit
  - SwiftyJSON
  - SwiftyMD5

SPEC CHECKSUMS:
  Alamofire: f28cdffd29de33a7bfa022cbd63ae95a27fae140
  DeviceKit: f33cbc6e67d9bb416e42dedc647557c7c2f6d3d7
  Kingfisher: 7297492bf8cec9b2e2dee3519f2219948580d98e
  MJRefresh: b96cdb21c4aa75a7b07654311ab2f315c497e806
  Realm: 3601ef091c8c499a31101d8563b991e75546cdce
  RealmSwift: 8183818515471b01a99abdd2970f8e4fd52b6f4a
  Ruler: 199fa3d7b01f680577ea662e9ea409477ae55181
  RxCocoa: a0a09f45d0e5b48ecb6a4a7b4b4c89c88d3f633f
  RxSwift: 18ee9d78b45edb3b0b7e79916b47a116e6dbc842
  SnapKit: 1ca44df72cfa543218d177cb8aab029d10d86ea7
  SwiftyJSON: c2842d878f95482ffceec5709abc3d05680c0220
  SwiftyMD5: 29304e3a31ebbb97dc4f290121b60e453a963e0e

PODFILE CHECKSUM: 105bb6b9a8ea323d7281a30e123c4dbffd179f9d

COCOAPODS: 1.3.0.beta.1
