// !$*UTF8*$!
{
	archiveVersion = 1;
	classes = {
	};
	objectVersion = 46;
	objects = {

/* Begin PBXBuildFile section */
		075B6EEA45418FF92662D53A /* Pods_Sirius_SwiftTests.framework in Frameworks */ = {isa = PBXBuildFile; fileRef = 8806A42D6EDFD584A81B79C3 /* Pods_Sirius_SwiftTests.framework */; };
		1B927F1CDB9ED778393A902B /* Pods_Sirius_Swift.framework in Frameworks */ = {isa = PBXBuildFile; fileRef = 925891F6889638EF3C38CEE5 /* Pods_Sirius_Swift.framework */; };
		4A001E981F0E67A200897473 /* CFNetwork.framework in Frameworks */ = {isa = PBXBuildFile; fileRef = 4A001E971F0E67A200897473 /* CFNetwork.framework */; };
		4A001E9A1F0E67A800897473 /* Foundation.framework in Frameworks */ = {isa = PBXBuildFile; fileRef = 4A001E991F0E67A800897473 /* Foundation.framework */; };
		4A001E9C1F0E67AC00897473 /* UIKit.framework in Frameworks */ = {isa = PBXBuildFile; fileRef = 4A001E9B1F0E67AC00897473 /* UIKit.framework */; };
		4A001EA21F0E6FBA00897473 /* RecentConversationCell.swift in Sources */ = {isa = PBXBuildFile; fileRef = 4A001EA11F0E6FBA00897473 /* RecentConversationCell.swift */; };
		AF27B6601EE8F3F60087C8A8 /* SiriusCache.swift in Sources */ = {isa = PBXBuildFile; fileRef = AF27B65F1EE8F3F60087C8A8 /* SiriusCache.swift */; };
		AF27B6641EE929930087C8A8 /* UserInfo.swift in Sources */ = {isa = PBXBuildFile; fileRef = AF27B6631EE929930087C8A8 /* UserInfo.swift */; };
		AF27B6681EE93F0A0087C8A8 /* SiriusDefaults.swift in Sources */ = {isa = PBXBuildFile; fileRef = AF27B6671EE93F0A0087C8A8 /* SiriusDefaults.swift */; };
		AF27B66C1EEA6C230087C8A8 /* UserModels.swift in Sources */ = {isa = PBXBuildFile; fileRef = AF27B66B1EEA6C230087C8A8 /* UserModels.swift */; };
		AFDEDE251EE798AD00BF654D /* AppDelegate.swift in Sources */ = {isa = PBXBuildFile; fileRef = AFDEDE241EE798AD00BF654D /* AppDelegate.swift */; };
		AFDEDE2A1EE798AD00BF654D /* Main.storyboard in Resources */ = {isa = PBXBuildFile; fileRef = AFDEDE281EE798AD00BF654D /* Main.storyboard */; };
		AFDEDE2C1EE798AD00BF654D /* Assets.xcassets in Resources */ = {isa = PBXBuildFile; fileRef = AFDEDE2B1EE798AD00BF654D /* Assets.xcassets */; };
		AFDEDE2F1EE798AD00BF654D /* LaunchScreen.storyboard in Resources */ = {isa = PBXBuildFile; fileRef = AFDEDE2D1EE798AD00BF654D /* LaunchScreen.storyboard */; };
		AFDEDE3A1EE798AD00BF654D /* Sirius_SwiftTests.swift in Sources */ = {isa = PBXBuildFile; fileRef = AFDEDE391EE798AD00BF654D /* Sirius_SwiftTests.swift */; };
		AFDEDE451EE798AD00BF654D /* Sirius_SwiftUITests.swift in Sources */ = {isa = PBXBuildFile; fileRef = AFDEDE441EE798AD00BF654D /* Sirius_SwiftUITests.swift */; };
		AFE533201EE7A09C001E1EB8 /* BaseTabBarController.swift in Sources */ = {isa = PBXBuildFile; fileRef = AFE5331F1EE7A09C001E1EB8 /* BaseTabBarController.swift */; };
		AFE533231EE7A1BE001E1EB8 /* SirusLog.swift in Sources */ = {isa = PBXBuildFile; fileRef = AFE533221EE7A1BE001E1EB8 /* SirusLog.swift */; };
		AFE533251EE7A3D9001E1EB8 /* RecentsController.swift in Sources */ = {isa = PBXBuildFile; fileRef = AFE533241EE7A3D9001E1EB8 /* RecentsController.swift */; };
		AFE533271EE7A3F1001E1EB8 /* ContactsController.swift in Sources */ = {isa = PBXBuildFile; fileRef = AFE533261EE7A3F1001E1EB8 /* ContactsController.swift */; };
		AFE533291EE7A4A3001E1EB8 /* SirusNetTool.swift in Sources */ = {isa = PBXBuildFile; fileRef = AFE533281EE7A4A3001E1EB8 /* SirusNetTool.swift */; };
		AFE5332B1EE7A78D001E1EB8 /* SirusSource.swift in Sources */ = {isa = PBXBuildFile; fileRef = AFE5332A1EE7A78D001E1EB8 /* SirusSource.swift */; };
		E3B0E3517D6466541C7F0375 /* Pods_Sirius_SwiftUITests.framework in Frameworks */ = {isa = PBXBuildFile; fileRef = 03CE891366EEABCB4F9DAFDE /* Pods_Sirius_SwiftUITests.framework */; };
/* End PBXBuildFile section */

/* Begin PBXContainerItemProxy section */
		AFDEDE361EE798AD00BF654D /* PBXContainerItemProxy */ = {
			isa = PBXContainerItemProxy;
			containerPortal = AFDEDE191EE798AD00BF654D /* Project object */;
			proxyType = 1;
			remoteGlobalIDString = AFDEDE201EE798AD00BF654D;
			remoteInfo = "Sirius-Swift";
		};
		AFDEDE411EE798AD00BF654D /* PBXContainerItemProxy */ = {
			isa = PBXContainerItemProxy;
			containerPortal = AFDEDE191EE798AD00BF654D /* Project object */;
			proxyType = 1;
			remoteGlobalIDString = AFDEDE201EE798AD00BF654D;
			remoteInfo = "Sirius-Swift";
		};
/* End PBXContainerItemProxy section */

/* Begin PBXCopyFilesBuildPhase section */
		AF8D93CF1EE7AEAB00E40903 /* Embed Frameworks */ = {
			isa = PBXCopyFilesBuildPhase;
			buildActionMask = 2147483647;
			dstPath = "";
			dstSubfolderSpec = 10;
			files = (
			);
			name = "Embed Frameworks";
			runOnlyForDeploymentPostprocessing = 0;
		};
/* End PBXCopyFilesBuildPhase section */

/* Begin PBXFileReference section */
		03CE891366EEABCB4F9DAFDE /* Pods_Sirius_SwiftUITests.framework */ = {isa = PBXFileReference; explicitFileType = wrapper.framework; includeInIndex = 0; path = Pods_Sirius_SwiftUITests.framework; sourceTree = BUILT_PRODUCTS_DIR; };
		4A001E971F0E67A200897473 /* CFNetwork.framework */ = {isa = PBXFileReference; lastKnownFileType = wrapper.framework; name = CFNetwork.framework; path = System/Library/Frameworks/CFNetwork.framework; sourceTree = SDKROOT; };
		4A001E991F0E67A800897473 /* Foundation.framework */ = {isa = PBXFileReference; lastKnownFileType = wrapper.framework; name = Foundation.framework; path = System/Library/Frameworks/Foundation.framework; sourceTree = SDKROOT; };
		4A001E9B1F0E67AC00897473 /* UIKit.framework */ = {isa = PBXFileReference; lastKnownFileType = wrapper.framework; name = UIKit.framework; path = System/Library/Frameworks/UIKit.framework; sourceTree = SDKROOT; };
		4A001EA11F0E6FBA00897473 /* RecentConversationCell.swift */ = {isa = PBXFileReference; fileEncoding = 4; lastKnownFileType = sourcecode.swift; path = RecentConversationCell.swift; sourceTree = "<group>"; };
		5A3227F1615DE85EF2D4BCE4 /* Pods-Sirius-SwiftUITests.debug.xcconfig */ = {isa = PBXFileReference; includeInIndex = 1; lastKnownFileType = text.xcconfig; name = "Pods-Sirius-SwiftUITests.debug.xcconfig"; path = "Pods/Target Support Files/Pods-Sirius-SwiftUITests/Pods-Sirius-SwiftUITests.debug.xcconfig"; sourceTree = "<group>"; };
		7B4937D11932EBBA1561507C /* Pods-Sirius-SwiftTests.release.xcconfig */ = {isa = PBXFileReference; includeInIndex = 1; lastKnownFileType = text.xcconfig; name = "Pods-Sirius-SwiftTests.release.xcconfig"; path = "Pods/Target Support Files/Pods-Sirius-SwiftTests/Pods-Sirius-SwiftTests.release.xcconfig"; sourceTree = "<group>"; };
		7EDB6C664053C524E3CF912E /* Pods-Sirius-SwiftTests.debug.xcconfig */ = {isa = PBXFileReference; includeInIndex = 1; lastKnownFileType = text.xcconfig; name = "Pods-Sirius-SwiftTests.debug.xcconfig"; path = "Pods/Target Support Files/Pods-Sirius-SwiftTests/Pods-Sirius-SwiftTests.debug.xcconfig"; sourceTree = "<group>"; };
		8806A42D6EDFD584A81B79C3 /* Pods_Sirius_SwiftTests.framework */ = {isa = PBXFileReference; explicitFileType = wrapper.framework; includeInIndex = 0; path = Pods_Sirius_SwiftTests.framework; sourceTree = BUILT_PRODUCTS_DIR; };
		925891F6889638EF3C38CEE5 /* Pods_Sirius_Swift.framework */ = {isa = PBXFileReference; explicitFileType = wrapper.framework; includeInIndex = 0; path = Pods_Sirius_Swift.framework; sourceTree = BUILT_PRODUCTS_DIR; };
		9306B9E480F458A4A3578902 /* Pods-Sirius-SwiftUITests.release.xcconfig */ = {isa = PBXFileReference; includeInIndex = 1; lastKnownFileType = text.xcconfig; name = "Pods-Sirius-SwiftUITests.release.xcconfig"; path = "Pods/Target Support Files/Pods-Sirius-SwiftUITests/Pods-Sirius-SwiftUITests.release.xcconfig"; sourceTree = "<group>"; };
		AF27B65F1EE8F3F60087C8A8 /* SiriusCache.swift */ = {isa = PBXFileReference; fileEncoding = 4; lastKnownFileType = sourcecode.swift; path = SiriusCache.swift; sourceTree = "<group>"; };
		AF27B6631EE929930087C8A8 /* UserInfo.swift */ = {isa = PBXFileReference; fileEncoding = 4; lastKnownFileType = sourcecode.swift; path = UserInfo.swift; sourceTree = "<group>"; };
		AF27B6671EE93F0A0087C8A8 /* SiriusDefaults.swift */ = {isa = PBXFileReference; fileEncoding = 4; lastKnownFileType = sourcecode.swift; path = SiriusDefaults.swift; sourceTree = "<group>"; };
		AF27B66B1EEA6C230087C8A8 /* UserModels.swift */ = {isa = PBXFileReference; fileEncoding = 4; lastKnownFileType = sourcecode.swift; path = UserModels.swift; sourceTree = "<group>"; };
		AFDEDE211EE798AD00BF654D /* Sirius-Swift.app */ = {isa = PBXFileReference; explicitFileType = wrapper.application; includeInIndex = 0; path = "Sirius-Swift.app"; sourceTree = BUILT_PRODUCTS_DIR; };
		AFDEDE241EE798AD00BF654D /* AppDelegate.swift */ = {isa = PBXFileReference; lastKnownFileType = sourcecode.swift; path = AppDelegate.swift; sourceTree = "<group>"; };
		AFDEDE291EE798AD00BF654D /* Base */ = {isa = PBXFileReference; lastKnownFileType = file.storyboard; name = Base; path = Base.lproj/Main.storyboard; sourceTree = "<group>"; };
		AFDEDE2B1EE798AD00BF654D /* Assets.xcassets */ = {isa = PBXFileReference; lastKnownFileType = folder.assetcatalog; path = Assets.xcassets; sourceTree = "<group>"; };
		AFDEDE2E1EE798AD00BF654D /* Base */ = {isa = PBXFileReference; lastKnownFileType = file.storyboard; name = Base; path = Base.lproj/LaunchScreen.storyboard; sourceTree = "<group>"; };
		AFDEDE301EE798AD00BF654D /* Info.plist */ = {isa = PBXFileReference; lastKnownFileType = text.plist.xml; path = Info.plist; sourceTree = "<group>"; };
		AFDEDE351EE798AD00BF654D /* Sirius-SwiftTests.xctest */ = {isa = PBXFileReference; explicitFileType = wrapper.cfbundle; includeInIndex = 0; path = "Sirius-SwiftTests.xctest"; sourceTree = BUILT_PRODUCTS_DIR; };
		AFDEDE391EE798AD00BF654D /* Sirius_SwiftTests.swift */ = {isa = PBXFileReference; lastKnownFileType = sourcecode.swift; path = Sirius_SwiftTests.swift; sourceTree = "<group>"; };
		AFDEDE3B1EE798AD00BF654D /* Info.plist */ = {isa = PBXFileReference; lastKnownFileType = text.plist.xml; path = Info.plist; sourceTree = "<group>"; };
		AFDEDE401EE798AD00BF654D /* Sirius-SwiftUITests.xctest */ = {isa = PBXFileReference; explicitFileType = wrapper.cfbundle; includeInIndex = 0; path = "Sirius-SwiftUITests.xctest"; sourceTree = BUILT_PRODUCTS_DIR; };
		AFDEDE441EE798AD00BF654D /* Sirius_SwiftUITests.swift */ = {isa = PBXFileReference; lastKnownFileType = sourcecode.swift; path = Sirius_SwiftUITests.swift; sourceTree = "<group>"; };
		AFDEDE461EE798AD00BF654D /* Info.plist */ = {isa = PBXFileReference; lastKnownFileType = text.plist.xml; path = Info.plist; sourceTree = "<group>"; };
		AFE5331F1EE7A09C001E1EB8 /* BaseTabBarController.swift */ = {isa = PBXFileReference; lastKnownFileType = sourcecode.swift; path = BaseTabBarController.swift; sourceTree = "<group>"; };
		AFE533221EE7A1BE001E1EB8 /* SirusLog.swift */ = {isa = PBXFileReference; lastKnownFileType = sourcecode.swift; path = SirusLog.swift; sourceTree = "<group>"; };
		AFE533241EE7A3D9001E1EB8 /* RecentsController.swift */ = {isa = PBXFileReference; lastKnownFileType = sourcecode.swift; path = RecentsController.swift; sourceTree = "<group>"; };
		AFE533261EE7A3F1001E1EB8 /* ContactsController.swift */ = {isa = PBXFileReference; lastKnownFileType = sourcecode.swift; path = ContactsController.swift; sourceTree = "<group>"; };
		AFE533281EE7A4A3001E1EB8 /* SirusNetTool.swift */ = {isa = PBXFileReference; lastKnownFileType = sourcecode.swift; path = SirusNetTool.swift; sourceTree = "<group>"; };
		AFE5332A1EE7A78D001E1EB8 /* SirusSource.swift */ = {isa = PBXFileReference; lastKnownFileType = sourcecode.swift; path = SirusSource.swift; sourceTree = "<group>"; };
		C5CD20A909F32C5FF42C7C28 /* Pods-Sirius-Swift.release.xcconfig */ = {isa = PBXFileReference; includeInIndex = 1; lastKnownFileType = text.xcconfig; name = "Pods-Sirius-Swift.release.xcconfig"; path = "Pods/Target Support Files/Pods-Sirius-Swift/Pods-Sirius-Swift.release.xcconfig"; sourceTree = "<group>"; };
		C7D585E99C73627B7088978B /* Pods-Sirius-Swift.debug.xcconfig */ = {isa = PBXFileReference; includeInIndex = 1; lastKnownFileType = text.xcconfig; name = "Pods-Sirius-Swift.debug.xcconfig"; path = "Pods/Target Support Files/Pods-Sirius-Swift/Pods-Sirius-Swift.debug.xcconfig"; sourceTree = "<group>"; };
/* End PBXFileReference section */

/* Begin PBXFrameworksBuildPhase section */
		AFDEDE1E1EE798AD00BF654D /* Frameworks */ = {
			isa = PBXFrameworksBuildPhase;
			buildActionMask = 2147483647;
			files = (
				4A001E9C1F0E67AC00897473 /* UIKit.framework in Frameworks */,
				4A001E9A1F0E67A800897473 /* Foundation.framework in Frameworks */,
				4A001E981F0E67A200897473 /* CFNetwork.framework in Frameworks */,
				1B927F1CDB9ED778393A902B /* Pods_Sirius_Swift.framework in Frameworks */,
			);
			runOnlyForDeploymentPostprocessing = 0;
		};
		AFDEDE321EE798AD00BF654D /* Frameworks */ = {
			isa = PBXFrameworksBuildPhase;
			buildActionMask = 2147483647;
			files = (
				075B6EEA45418FF92662D53A /* Pods_Sirius_SwiftTests.framework in Frameworks */,
			);
			runOnlyForDeploymentPostprocessing = 0;
		};
		AFDEDE3D1EE798AD00BF654D /* Frameworks */ = {
			isa = PBXFrameworksBuildPhase;
			buildActionMask = 2147483647;
			files = (
				E3B0E3517D6466541C7F0375 /* Pods_Sirius_SwiftUITests.framework in Frameworks */,
			);
			runOnlyForDeploymentPostprocessing = 0;
		};
/* End PBXFrameworksBuildPhase section */

/* Begin PBXGroup section */
		4A001EA01F0E6FAC00897473 /* Views */ = {
			isa = PBXGroup;
			children = (
				4A001EA11F0E6FBA00897473 /* RecentConversationCell.swift */,
			);
			path = Views;
			sourceTree = "<group>";
		};
		A6B2A7EC51FECB5081656051 /* Pods */ = {
			isa = PBXGroup;
			children = (
				C7D585E99C73627B7088978B /* Pods-Sirius-Swift.debug.xcconfig */,
				C5CD20A909F32C5FF42C7C28 /* Pods-Sirius-Swift.release.xcconfig */,
				7EDB6C664053C524E3CF912E /* Pods-Sirius-SwiftTests.debug.xcconfig */,
				7B4937D11932EBBA1561507C /* Pods-Sirius-SwiftTests.release.xcconfig */,
				5A3227F1615DE85EF2D4BCE4 /* Pods-Sirius-SwiftUITests.debug.xcconfig */,
				9306B9E480F458A4A3578902 /* Pods-Sirius-SwiftUITests.release.xcconfig */,
			);
			name = Pods;
			sourceTree = "<group>";
		};
		AF27B66A1EEA6C120087C8A8 /* Models */ = {
			isa = PBXGroup;
			children = (
				AF27B66B1EEA6C230087C8A8 /* UserModels.swift */,
			);
			path = Models;
			sourceTree = "<group>";
		};
		AFDEDE181EE798AD00BF654D = {
			isa = PBXGroup;
			children = (
				AFDEDE231EE798AD00BF654D /* Sirius-Swift */,
				AFDEDE381EE798AD00BF654D /* Sirius-SwiftTests */,
				AFDEDE431EE798AD00BF654D /* Sirius-SwiftUITests */,
				AFDEDE221EE798AD00BF654D /* Products */,
				A6B2A7EC51FECB5081656051 /* Pods */,
				EA1D6BF676F0B7B74FEB75C4 /* Frameworks */,
			);
			sourceTree = "<group>";
		};
		AFDEDE221EE798AD00BF654D /* Products */ = {
			isa = PBXGroup;
			children = (
				AFDEDE211EE798AD00BF654D /* Sirius-Swift.app */,
				AFDEDE351EE798AD00BF654D /* Sirius-SwiftTests.xctest */,
				AFDEDE401EE798AD00BF654D /* Sirius-SwiftUITests.xctest */,
			);
			name = Products;
			sourceTree = "<group>";
		};
		AFDEDE231EE798AD00BF654D /* Sirius-Swift */ = {
			isa = PBXGroup;
			children = (
				4A001EA01F0E6FAC00897473 /* Views */,
				AF27B66A1EEA6C120087C8A8 /* Models */,
				AFE533211EE7A1A0001E1EB8 /* Helpers */,
				AFE5331C1EE79DC6001E1EB8 /* Cache */,
				AFE5331E1EE79DC6001E1EB8 /* NetTool */,
				AFE5331B1EE79D3F001E1EB8 /* Extensions */,
				AFE533191EE79D34001E1EB8 /* BaseController */,
				AFE5331A1EE79D34001E1EB8 /* Controllers */,
				AFDEDE241EE798AD00BF654D /* AppDelegate.swift */,
				AFDEDE281EE798AD00BF654D /* Main.storyboard */,
				AFDEDE2B1EE798AD00BF654D /* Assets.xcassets */,
				AFDEDE2D1EE798AD00BF654D /* LaunchScreen.storyboard */,
				AFDEDE301EE798AD00BF654D /* Info.plist */,
			);
			path = "Sirius-Swift";
			sourceTree = "<group>";
		};
		AFDEDE381EE798AD00BF654D /* Sirius-SwiftTests */ = {
			isa = PBXGroup;
			children = (
				AFDEDE391EE798AD00BF654D /* Sirius_SwiftTests.swift */,
				AFDEDE3B1EE798AD00BF654D /* Info.plist */,
			);
			path = "Sirius-SwiftTests";
			sourceTree = "<group>";
		};
		AFDEDE431EE798AD00BF654D /* Sirius-SwiftUITests */ = {
			isa = PBXGroup;
			children = (
				AFDEDE441EE798AD00BF654D /* Sirius_SwiftUITests.swift */,
				AFDEDE461EE798AD00BF654D /* Info.plist */,
			);
			path = "Sirius-SwiftUITests";
			sourceTree = "<group>";
		};
		AFE533191EE79D34001E1EB8 /* BaseController */ = {
			isa = PBXGroup;
			children = (
				AFE5331F1EE7A09C001E1EB8 /* BaseTabBarController.swift */,
			);
			path = BaseController;
			sourceTree = "<group>";
		};
		AFE5331A1EE79D34001E1EB8 /* Controllers */ = {
			isa = PBXGroup;
			children = (
				AFE533241EE7A3D9001E1EB8 /* RecentsController.swift */,
				AFE533261EE7A3F1001E1EB8 /* ContactsController.swift */,
			);
			path = Controllers;
			sourceTree = "<group>";
		};
		AFE5331B1EE79D3F001E1EB8 /* Extensions */ = {
			isa = PBXGroup;
			children = (
			);
			path = Extensions;
			sourceTree = "<group>";
		};
		AFE5331C1EE79DC6001E1EB8 /* Cache */ = {
			isa = PBXGroup;
			children = (
				AF27B65F1EE8F3F60087C8A8 /* SiriusCache.swift */,
			);
			path = Cache;
			sourceTree = "<group>";
		};
		AFE5331E1EE79DC6001E1EB8 /* NetTool */ = {
			isa = PBXGroup;
			children = (
				AFE533281EE7A4A3001E1EB8 /* SirusNetTool.swift */,
			);
			path = NetTool;
			sourceTree = "<group>";
		};
		AFE533211EE7A1A0001E1EB8 /* Helpers */ = {
			isa = PBXGroup;
			children = (
				AFE533221EE7A1BE001E1EB8 /* SirusLog.swift */,
				AFE5332A1EE7A78D001E1EB8 /* SirusSource.swift */,
				AF27B6631EE929930087C8A8 /* UserInfo.swift */,
				AF27B6671EE93F0A0087C8A8 /* SiriusDefaults.swift */,
			);
			path = Helpers;
			sourceTree = "<group>";
		};
		EA1D6BF676F0B7B74FEB75C4 /* Frameworks */ = {
			isa = PBXGroup;
			children = (
				4A001E9B1F0E67AC00897473 /* UIKit.framework */,
				4A001E991F0E67A800897473 /* Foundation.framework */,
				4A001E971F0E67A200897473 /* CFNetwork.framework */,
				925891F6889638EF3C38CEE5 /* Pods_Sirius_Swift.framework */,
				8806A42D6EDFD584A81B79C3 /* Pods_Sirius_SwiftTests.framework */,
				03CE891366EEABCB4F9DAFDE /* Pods_Sirius_SwiftUITests.framework */,
			);
			name = Frameworks;
			sourceTree = "<group>";
		};
/* End PBXGroup section */

/* Begin PBXNativeTarget section */
		AFDEDE201EE798AD00BF654D /* Sirius-Swift */ = {
			isa = PBXNativeTarget;
			buildConfigurationList = AFDEDE491EE798AD00BF654D /* Build configuration list for PBXNativeTarget "Sirius-Swift" */;
			buildPhases = (
				1F6511D526168ECA9CFEB7CE /* [CP] Check Pods Manifest.lock */,
				AFDEDE1D1EE798AD00BF654D /* Sources */,
				AFDEDE1E1EE798AD00BF654D /* Frameworks */,
				AFDEDE1F1EE798AD00BF654D /* Resources */,
				64B42D3F0EB3B324EFF23855 /* [CP] Embed Pods Frameworks */,
				1BE2D80D5CF844064422E7FD /* [CP] Copy Pods Resources */,
				AF8D93CF1EE7AEAB00E40903 /* Embed Frameworks */,
			);
			buildRules = (
			);
			dependencies = (
			);
			name = "Sirius-Swift";
			productName = "Sirius-Swift";
			productReference = AFDEDE211EE798AD00BF654D /* Sirius-Swift.app */;
			productType = "com.apple.product-type.application";
		};
		AFDEDE341EE798AD00BF654D /* Sirius-SwiftTests */ = {
			isa = PBXNativeTarget;
			buildConfigurationList = AFDEDE4C1EE798AD00BF654D /* Build configuration list for PBXNativeTarget "Sirius-SwiftTests" */;
			buildPhases = (
				4502FDC9FFD01D884D862FD6 /* [CP] Check Pods Manifest.lock */,
				AFDEDE311EE798AD00BF654D /* Sources */,
				AFDEDE321EE798AD00BF654D /* Frameworks */,
				AFDEDE331EE798AD00BF654D /* Resources */,
				CEBB90FDE00620DD7483FEFD /* [CP] Embed Pods Frameworks */,
				16DCB37C47B1904A06CEDAC0 /* [CP] Copy Pods Resources */,
			);
			buildRules = (
			);
			dependencies = (
				AFDEDE371EE798AD00BF654D /* PBXTargetDependency */,
			);
			name = "Sirius-SwiftTests";
			productName = "Sirius-SwiftTests";
			productReference = AFDEDE351EE798AD00BF654D /* Sirius-SwiftTests.xctest */;
			productType = "com.apple.product-type.bundle.unit-test";
		};
		AFDEDE3F1EE798AD00BF654D /* Sirius-SwiftUITests */ = {
			isa = PBXNativeTarget;
			buildConfigurationList = AFDEDE4F1EE798AD00BF654D /* Build configuration list for PBXNativeTarget "Sirius-SwiftUITests" */;
			buildPhases = (
				8B31931CA836D52C6A460AF5 /* [CP] Check Pods Manifest.lock */,
				AFDEDE3C1EE798AD00BF654D /* Sources */,
				AFDEDE3D1EE798AD00BF654D /* Frameworks */,
				AFDEDE3E1EE798AD00BF654D /* Resources */,
				D4EF40016F246C06425924C3 /* [CP] Embed Pods Frameworks */,
				24584DE9A2A535AB86BFD3C2 /* [CP] Copy Pods Resources */,
			);
			buildRules = (
			);
			dependencies = (
				AFDEDE421EE798AD00BF654D /* PBXTargetDependency */,
			);
			name = "Sirius-SwiftUITests";
			productName = "Sirius-SwiftUITests";
			productReference = AFDEDE401EE798AD00BF654D /* Sirius-SwiftUITests.xctest */;
			productType = "com.apple.product-type.bundle.ui-testing";
		};
/* End PBXNativeTarget section */

/* Begin PBXProject section */
		AFDEDE191EE798AD00BF654D /* Project object */ = {
			isa = PBXProject;
			attributes = {
				LastSwiftUpdateCheck = 0830;
				LastUpgradeCheck = 0900;
				ORGANIZATIONNAME = PF;
				TargetAttributes = {
					AFDEDE201EE798AD00BF654D = {
						CreatedOnToolsVersion = 8.3.2;
						ProvisioningStyle = Automatic;
					};
					AFDEDE341EE798AD00BF654D = {
						CreatedOnToolsVersion = 8.3.2;
						ProvisioningStyle = Automatic;
						TestTargetID = AFDEDE201EE798AD00BF654D;
					};
					AFDEDE3F1EE798AD00BF654D = {
						CreatedOnToolsVersion = 8.3.2;
						ProvisioningStyle = Automatic;
						TestTargetID = AFDEDE201EE798AD00BF654D;
					};
				};
			};
			buildConfigurationList = AFDEDE1C1EE798AD00BF654D /* Build configuration list for PBXProject "Sirius-Swift" */;
			compatibilityVersion = "Xcode 3.2";
			developmentRegion = English;
			hasScannedForEncodings = 0;
			knownRegions = (
				en,
				Base,
			);
			mainGroup = AFDEDE181EE798AD00BF654D;
			productRefGroup = AFDEDE221EE798AD00BF654D /* Products */;
			projectDirPath = "";
			projectRoot = "";
			targets = (
				AFDEDE201EE798AD00BF654D /* Sirius-Swift */,
				AFDEDE341EE798AD00BF654D /* Sirius-SwiftTests */,
				AFDEDE3F1EE798AD00BF654D /* Sirius-SwiftUITests */,
			);
		};
/* End PBXProject section */

/* Begin PBXResourcesBuildPhase section */
		AFDEDE1F1EE798AD00BF654D /* Resources */ = {
			isa = PBXResourcesBuildPhase;
			buildActionMask = 2147483647;
			files = (
				AFDEDE2F1EE798AD00BF654D /* LaunchScreen.storyboard in Resources */,
				AFDEDE2C1EE798AD00BF654D /* Assets.xcassets in Resources */,
				AFDEDE2A1EE798AD00BF654D /* Main.storyboard in Resources */,
			);
			runOnlyForDeploymentPostprocessing = 0;
		};
		AFDEDE331EE798AD00BF654D /* Resources */ = {
			isa = PBXResourcesBuildPhase;
			buildActionMask = 2147483647;
			files = (
			);
			runOnlyForDeploymentPostprocessing = 0;
		};
		AFDEDE3E1EE798AD00BF654D /* Resources */ = {
			isa = PBXResourcesBuildPhase;
			buildActionMask = 2147483647;
			files = (
			);
			runOnlyForDeploymentPostprocessing = 0;
		};
/* End PBXResourcesBuildPhase section */

/* Begin PBXShellScriptBuildPhase section */
		16DCB37C47B1904A06CEDAC0 /* [CP] Copy Pods Resources */ = {
			isa = PBXShellScriptBuildPhase;
			buildActionMask = 2147483647;
			files = (
			);
			inputPaths = (
			);
			name = "[CP] Copy Pods Resources";
			outputPaths = (
			);
			runOnlyForDeploymentPostprocessing = 0;
			shellPath = /bin/sh;
			shellScript = "\"${SRCROOT}/Pods/Target Support Files/Pods-Sirius-SwiftTests/Pods-Sirius-SwiftTests-resources.sh\"\n";
			showEnvVarsInLog = 0;
		};
		1BE2D80D5CF844064422E7FD /* [CP] Copy Pods Resources */ = {
			isa = PBXShellScriptBuildPhase;
			buildActionMask = 2147483647;
			files = (
			);
			inputPaths = (
			);
			name = "[CP] Copy Pods Resources";
			outputPaths = (
			);
			runOnlyForDeploymentPostprocessing = 0;
			shellPath = /bin/sh;
			shellScript = "\"${SRCROOT}/Pods/Target Support Files/Pods-Sirius-Swift/Pods-Sirius-Swift-resources.sh\"\n";
			showEnvVarsInLog = 0;
		};
		1F6511D526168ECA9CFEB7CE /* [CP] Check Pods Manifest.lock */ = {
			isa = PBXShellScriptBuildPhase;
			buildActionMask = 2147483647;
			files = (
			);
			inputPaths = (
			);
			name = "[CP] Check Pods Manifest.lock";
			outputPaths = (
			);
			runOnlyForDeploymentPostprocessing = 0;
			shellPath = /bin/sh;
			shellScript = "diff \"${PODS_PODFILE_DIR_PATH}/Podfile.lock\" \"${PODS_ROOT}/Manifest.lock\" > /dev/null\nif [ $? != 0 ] ; then\n    # print error to STDERR\n    echo \"error: The sandbox is not in sync with the Podfile.lock. Run 'pod install' or update your CocoaPods installation.\" >&2\n    exit 1\nfi\n";
			showEnvVarsInLog = 0;
		};
		24584DE9A2A535AB86BFD3C2 /* [CP] Copy Pods Resources */ = {
			isa = PBXShellScriptBuildPhase;
			buildActionMask = 2147483647;
			files = (
			);
			inputPaths = (
			);
			name = "[CP] Copy Pods Resources";
			outputPaths = (
			);
			runOnlyForDeploymentPostprocessing = 0;
			shellPath = /bin/sh;
			shellScript = "\"${SRCROOT}/Pods/Target Support Files/Pods-Sirius-SwiftUITests/Pods-Sirius-SwiftUITests-resources.sh\"\n";
			showEnvVarsInLog = 0;
		};
		4502FDC9FFD01D884D862FD6 /* [CP] Check Pods Manifest.lock */ = {
			isa = PBXShellScriptBuildPhase;
			buildActionMask = 2147483647;
			files = (
			);
			inputPaths = (
			);
			name = "[CP] Check Pods Manifest.lock";
			outputPaths = (
			);
			runOnlyForDeploymentPostprocessing = 0;
			shellPath = /bin/sh;
			shellScript = "diff \"${PODS_PODFILE_DIR_PATH}/Podfile.lock\" \"${PODS_ROOT}/Manifest.lock\" > /dev/null\nif [ $? != 0 ] ; then\n    # print error to STDERR\n    echo \"error: The sandbox is not in sync with the Podfile.lock. Run 'pod install' or update your CocoaPods installation.\" >&2\n    exit 1\nfi\n";
			showEnvVarsInLog = 0;
		};
		64B42D3F0EB3B324EFF23855 /* [CP] Embed Pods Frameworks */ = {
			isa = PBXShellScriptBuildPhase;
			buildActionMask = 2147483647;
			files = (
			);
			inputPaths = (
			);
			name = "[CP] Embed Pods Frameworks";
			outputPaths = (
			);
			runOnlyForDeploymentPostprocessing = 0;
			shellPath = /bin/sh;
			shellScript = "\"${SRCROOT}/Pods/Target Support Files/Pods-Sirius-Swift/Pods-Sirius-Swift-frameworks.sh\"\n";
			showEnvVarsInLog = 0;
		};
		8B31931CA836D52C6A460AF5 /* [CP] Check Pods Manifest.lock */ = {
			isa = PBXShellScriptBuildPhase;
			buildActionMask = 2147483647;
			files = (
			);
			inputPaths = (
			);
			name = "[CP] Check Pods Manifest.lock";
			outputPaths = (
			);
			runOnlyForDeploymentPostprocessing = 0;
			shellPath = /bin/sh;
			shellScript = "diff \"${PODS_PODFILE_DIR_PATH}/Podfile.lock\" \"${PODS_ROOT}/Manifest.lock\" > /dev/null\nif [ $? != 0 ] ; then\n    # print error to STDERR\n    echo \"error: The sandbox is not in sync with the Podfile.lock. Run 'pod install' or update your CocoaPods installation.\" >&2\n    exit 1\nfi\n";
			showEnvVarsInLog = 0;
		};
		CEBB90FDE00620DD7483FEFD /* [CP] Embed Pods Frameworks */ = {
			isa = PBXShellScriptBuildPhase;
			buildActionMask = 2147483647;
			files = (
			);
			inputPaths = (
			);
			name = "[CP] Embed Pods Frameworks";
			outputPaths = (
			);
			runOnlyForDeploymentPostprocessing = 0;
			shellPath = /bin/sh;
			shellScript = "\"${SRCROOT}/Pods/Target Support Files/Pods-Sirius-SwiftTests/Pods-Sirius-SwiftTests-frameworks.sh\"\n";
			showEnvVarsInLog = 0;
		};
		D4EF40016F246C06425924C3 /* [CP] Embed Pods Frameworks */ = {
			isa = PBXShellScriptBuildPhase;
			buildActionMask = 2147483647;
			files = (
			);
			inputPaths = (
			);
			name = "[CP] Embed Pods Frameworks";
			outputPaths = (
			);
			runOnlyForDeploymentPostprocessing = 0;
			shellPath = /bin/sh;
			shellScript = "\"${SRCROOT}/Pods/Target Support Files/Pods-Sirius-SwiftUITests/Pods-Sirius-SwiftUITests-frameworks.sh\"\n";
			showEnvVarsInLog = 0;
		};
/* End PBXShellScriptBuildPhase section */

/* Begin PBXSourcesBuildPhase section */
		AFDEDE1D1EE798AD00BF654D /* Sources */ = {
			isa = PBXSourcesBuildPhase;
			buildActionMask = 2147483647;
			files = (
				AF27B6681EE93F0A0087C8A8 /* SiriusDefaults.swift in Sources */,
				AFE533251EE7A3D9001E1EB8 /* RecentsController.swift in Sources */,
				AF27B6601EE8F3F60087C8A8 /* SiriusCache.swift in Sources */,
				AFE533231EE7A1BE001E1EB8 /* SirusLog.swift in Sources */,
				AFE5332B1EE7A78D001E1EB8 /* SirusSource.swift in Sources */,
				AFDEDE251EE798AD00BF654D /* AppDelegate.swift in Sources */,
				AFE533271EE7A3F1001E1EB8 /* ContactsController.swift in Sources */,
				AFE533291EE7A4A3001E1EB8 /* SirusNetTool.swift in Sources */,
				AF27B6641EE929930087C8A8 /* UserInfo.swift in Sources */,
				AF27B66C1EEA6C230087C8A8 /* UserModels.swift in Sources */,
				AFE533201EE7A09C001E1EB8 /* BaseTabBarController.swift in Sources */,
				4A001EA21F0E6FBA00897473 /* RecentConversationCell.swift in Sources */,
			);
			runOnlyForDeploymentPostprocessing = 0;
		};
		AFDEDE311EE798AD00BF654D /* Sources */ = {
			isa = PBXSourcesBuildPhase;
			buildActionMask = 2147483647;
			files = (
				AFDEDE3A1EE798AD00BF654D /* Sirius_SwiftTests.swift in Sources */,
			);
			runOnlyForDeploymentPostprocessing = 0;
		};
		AFDEDE3C1EE798AD00BF654D /* Sources */ = {
			isa = PBXSourcesBuildPhase;
			buildActionMask = 2147483647;
			files = (
				AFDEDE451EE798AD00BF654D /* Sirius_SwiftUITests.swift in Sources */,
			);
			runOnlyForDeploymentPostprocessing = 0;
		};
/* End PBXSourcesBuildPhase section */

/* Begin PBXTargetDependency section */
		AFDEDE371EE798AD00BF654D /* PBXTargetDependency */ = {
			isa = PBXTargetDependency;
			target = AFDEDE201EE798AD00BF654D /* Sirius-Swift */;
			targetProxy = AFDEDE361EE798AD00BF654D /* PBXContainerItemProxy */;
		};
		AFDEDE421EE798AD00BF654D /* PBXTargetDependency */ = {
			isa = PBXTargetDependency;
			target = AFDEDE201EE798AD00BF654D /* Sirius-Swift */;
			targetProxy = AFDEDE411EE798AD00BF654D /* PBXContainerItemProxy */;
		};
/* End PBXTargetDependency section */

/* Begin PBXVariantGroup section */
		AFDEDE281EE798AD00BF654D /* Main.storyboard */ = {
			isa = PBXVariantGroup;
			children = (
				AFDEDE291EE798AD00BF654D /* Base */,
			);
			name = Main.storyboard;
			sourceTree = "<group>";
		};
		AFDEDE2D1EE798AD00BF654D /* LaunchScreen.storyboard */ = {
			isa = PBXVariantGroup;
			children = (
				AFDEDE2E1EE798AD00BF654D /* Base */,
			);
			name = LaunchScreen.storyboard;
			sourceTree = "<group>";
		};
/* End PBXVariantGroup section */

/* Begin XCBuildConfiguration section */
		AFDEDE471EE798AD00BF654D /* Debug */ = {
			isa = XCBuildConfiguration;
			buildSettings = {
				ALWAYS_SEARCH_USER_PATHS = NO;
				CLANG_ANALYZER_NONNULL = YES;
				CLANG_ANALYZER_NUMBER_OBJECT_CONVERSION = YES_AGGRESSIVE;
				CLANG_CXX_LANGUAGE_STANDARD = "gnu++0x";
				CLANG_CXX_LIBRARY = "libc++";
				CLANG_ENABLE_MODULES = YES;
				CLANG_ENABLE_OBJC_ARC = YES;
				CLANG_WARN_BLOCK_CAPTURE_AUTORELEASING = YES;
				CLANG_WARN_BOOL_CONVERSION = YES;
				CLANG_WARN_COMMA = YES;
				CLANG_WARN_CONSTANT_CONVERSION = YES;
				CLANG_WARN_DIRECT_OBJC_ISA_USAGE = YES_ERROR;
				CLANG_WARN_DOCUMENTATION_COMMENTS = YES;
				CLANG_WARN_EMPTY_BODY = YES;
				CLANG_WARN_ENUM_CONVERSION = YES;
				CLANG_WARN_INFINITE_RECURSION = YES;
				CLANG_WARN_INT_CONVERSION = YES;
				CLANG_WARN_NON_LITERAL_NULL_CONVERSION = YES;
				CLANG_WARN_OBJC_LITERAL_CONVERSION = YES;
				CLANG_WARN_OBJC_ROOT_CLASS = YES_ERROR;
				CLANG_WARN_RANGE_LOOP_ANALYSIS = YES;
				CLANG_WARN_STRICT_PROTOTYPES = YES;
				CLANG_WARN_SUSPICIOUS_MOVE = YES;
				CLANG_WARN_UNREACHABLE_CODE = YES;
				CLANG_WARN__DUPLICATE_METHOD_MATCH = YES;
				"CODE_SIGN_IDENTITY[sdk=iphoneos*]" = "iPhone Developer";
				COPY_PHASE_STRIP = NO;
				DEBUG_INFORMATION_FORMAT = dwarf;
				ENABLE_STRICT_OBJC_MSGSEND = YES;
				ENABLE_TESTABILITY = YES;
				GCC_C_LANGUAGE_STANDARD = gnu99;
				GCC_DYNAMIC_NO_PIC = NO;
				GCC_NO_COMMON_BLOCKS = YES;
				GCC_OPTIMIZATION_LEVEL = 0;
				GCC_PREPROCESSOR_DEFINITIONS = (
					"DEBUG=1",
					"$(inherited)",
				);
				GCC_WARN_64_TO_32_BIT_CONVERSION = YES;
				GCC_WARN_ABOUT_RETURN_TYPE = YES_ERROR;
				GCC_WARN_UNDECLARED_SELECTOR = YES;
				GCC_WARN_UNINITIALIZED_AUTOS = YES_AGGRESSIVE;
				GCC_WARN_UNUSED_FUNCTION = YES;
				GCC_WARN_UNUSED_VARIABLE = YES;
				IPHONEOS_DEPLOYMENT_TARGET = 10.3;
				MTL_ENABLE_DEBUG_INFO = YES;
				ONLY_ACTIVE_ARCH = YES;
				SDKROOT = iphoneos;
				SWIFT_ACTIVE_COMPILATION_CONDITIONS = DEBUG;
				SWIFT_OPTIMIZATION_LEVEL = "-Onone";
			};
			name = Debug;
		};
		AFDEDE481EE798AD00BF654D /* Release */ = {
			isa = XCBuildConfiguration;
			buildSettings = {
				ALWAYS_SEARCH_USER_PATHS = NO;
				CLANG_ANALYZER_NONNULL = YES;
				CLANG_ANALYZER_NUMBER_OBJECT_CONVERSION = YES_AGGRESSIVE;
				CLANG_CXX_LANGUAGE_STANDARD = "gnu++0x";
				CLANG_CXX_LIBRARY = "libc++";
				CLANG_ENABLE_MODULES = YES;
				CLANG_ENABLE_OBJC_ARC = YES;
				CLANG_WARN_BLOCK_CAPTURE_AUTORELEASING = YES;
				CLANG_WARN_BOOL_CONVERSION = YES;
				CLANG_WARN_COMMA = YES;
				CLANG_WARN_CONSTANT_CONVERSION = YES;
				CLANG_WARN_DIRECT_OBJC_ISA_USAGE = YES_ERROR;
				CLANG_WARN_DOCUMENTATION_COMMENTS = YES;
				CLANG_WARN_EMPTY_BODY = YES;
				CLANG_WARN_ENUM_CONVERSION = YES;
				CLANG_WARN_INFINITE_RECURSION = YES;
				CLANG_WARN_INT_CONVERSION = YES;
				CLANG_WARN_NON_LITERAL_NULL_CONVERSION = YES;
				CLANG_WARN_OBJC_LITERAL_CONVERSION = YES;
				CLANG_WARN_OBJC_ROOT_CLASS = YES_ERROR;
				CLANG_WARN_RANGE_LOOP_ANALYSIS = YES;
				CLANG_WARN_STRICT_PROTOTYPES = YES;
				CLANG_WARN_SUSPICIOUS_MOVE = YES;
				CLANG_WARN_UNREACHABLE_CODE = YES;
				CLANG_WARN__DUPLICATE_METHOD_MATCH = YES;
				"CODE_SIGN_IDENTITY[sdk=iphoneos*]" = "iPhone Developer";
				COPY_PHASE_STRIP = NO;
				DEBUG_INFORMATION_FORMAT = "dwarf-with-dsym";
				ENABLE_NS_ASSERTIONS = NO;
				ENABLE_STRICT_OBJC_MSGSEND = YES;
				GCC_C_LANGUAGE_STANDARD = gnu99;
				GCC_NO_COMMON_BLOCKS = YES;
				GCC_WARN_64_TO_32_BIT_CONVERSION = YES;
				GCC_WARN_ABOUT_RETURN_TYPE = YES_ERROR;
				GCC_WARN_UNDECLARED_SELECTOR = YES;
				GCC_WARN_UNINITIALIZED_AUTOS = YES_AGGRESSIVE;
				GCC_WARN_UNUSED_FUNCTION = YES;
				GCC_WARN_UNUSED_VARIABLE = YES;
				IPHONEOS_DEPLOYMENT_TARGET = 10.3;
				MTL_ENABLE_DEBUG_INFO = NO;
				SDKROOT = iphoneos;
				SWIFT_OPTIMIZATION_LEVEL = "-Owholemodule";
				VALIDATE_PRODUCT = YES;
			};
			name = Release;
		};
		AFDEDE4A1EE798AD00BF654D /* Debug */ = {
			isa = XCBuildConfiguration;
			baseConfigurationReference = C7D585E99C73627B7088978B /* Pods-Sirius-Swift.debug.xcconfig */;
			buildSettings = {
				ALWAYS_EMBED_SWIFT_STANDARD_LIBRARIES = YES;
				ASSETCATALOG_COMPILER_APPICON_NAME = AppIcon;
				INFOPLIST_FILE = "Sirius-Swift/Info.plist";
				IPHONEOS_DEPLOYMENT_TARGET = 8.0;
				LD_RUNPATH_SEARCH_PATHS = "$(inherited) @executable_path/Frameworks";
				PRODUCT_BUNDLE_IDENTIFIER = "Just.Sirius-Swift";
				PRODUCT_NAME = "$(TARGET_NAME)";
				SWIFT_VERSION = 3.0;
			};
			name = Debug;
		};
		AFDEDE4B1EE798AD00BF654D /* Release */ = {
			isa = XCBuildConfiguration;
			baseConfigurationReference = C5CD20A909F32C5FF42C7C28 /* Pods-Sirius-Swift.release.xcconfig */;
			buildSettings = {
				ALWAYS_EMBED_SWIFT_STANDARD_LIBRARIES = YES;
				ASSETCATALOG_COMPILER_APPICON_NAME = AppIcon;
				INFOPLIST_FILE = "Sirius-Swift/Info.plist";
				IPHONEOS_DEPLOYMENT_TARGET = 8.0;
				LD_RUNPATH_SEARCH_PATHS = "$(inherited) @executable_path/Frameworks";
				PRODUCT_BUNDLE_IDENTIFIER = "Just.Sirius-Swift";
				PRODUCT_NAME = "$(TARGET_NAME)";
				SWIFT_VERSION = 3.0;
			};
			name = Release;
		};
		AFDEDE4D1EE798AD00BF654D /* Debug */ = {
			isa = XCBuildConfiguration;
			baseConfigurationReference = 7EDB6C664053C524E3CF912E /* Pods-Sirius-SwiftTests.debug.xcconfig */;
			buildSettings = {
				ALWAYS_EMBED_SWIFT_STANDARD_LIBRARIES = YES;
				BUNDLE_LOADER = "$(TEST_HOST)";
				INFOPLIST_FILE = "Sirius-SwiftTests/Info.plist";
				LD_RUNPATH_SEARCH_PATHS = "$(inherited) @executable_path/Frameworks @loader_path/Frameworks";
				PRODUCT_BUNDLE_IDENTIFIER = "Just.Sirius-SwiftTests";
				PRODUCT_NAME = "$(TARGET_NAME)";
				SWIFT_VERSION = 3.0;
				TEST_HOST = "$(BUILT_PRODUCTS_DIR)/Sirius-Swift.app/Sirius-Swift";
			};
			name = Debug;
		};
		AFDEDE4E1EE798AD00BF654D /* Release */ = {
			isa = XCBuildConfiguration;
			baseConfigurationReference = 7B4937D11932EBBA1561507C /* Pods-Sirius-SwiftTests.release.xcconfig */;
			buildSettings = {
				ALWAYS_EMBED_SWIFT_STANDARD_LIBRARIES = YES;
				BUNDLE_LOADER = "$(TEST_HOST)";
				INFOPLIST_FILE = "Sirius-SwiftTests/Info.plist";
				LD_RUNPATH_SEARCH_PATHS = "$(inherited) @executable_path/Frameworks @loader_path/Frameworks";
				PRODUCT_BUNDLE_IDENTIFIER = "Just.Sirius-SwiftTests";
				PRODUCT_NAME = "$(TARGET_NAME)";
				SWIFT_VERSION = 3.0;
				TEST_HOST = "$(BUILT_PRODUCTS_DIR)/Sirius-Swift.app/Sirius-Swift";
			};
			name = Release;
		};
		AFDEDE501EE798AD00BF654D /* Debug */ = {
			isa = XCBuildConfiguration;
			baseConfigurationReference = 5A3227F1615DE85EF2D4BCE4 /* Pods-Sirius-SwiftUITests.debug.xcconfig */;
			buildSettings = {
				ALWAYS_EMBED_SWIFT_STANDARD_LIBRARIES = YES;
				INFOPLIST_FILE = "Sirius-SwiftUITests/Info.plist";
				LD_RUNPATH_SEARCH_PATHS = "$(inherited) @executable_path/Frameworks @loader_path/Frameworks";
				PRODUCT_BUNDLE_IDENTIFIER = "Just.Sirius-SwiftUITests";
				PRODUCT_NAME = "$(TARGET_NAME)";
				SWIFT_VERSION = 3.0;
				TEST_TARGET_NAME = "Sirius-Swift";
			};
			name = Debug;
		};
		AFDEDE511EE798AD00BF654D /* Release */ = {
			isa = XCBuildConfiguration;
			baseConfigurationReference = 9306B9E480F458A4A3578902 /* Pods-Sirius-SwiftUITests.release.xcconfig */;
			buildSettings = {
				ALWAYS_EMBED_SWIFT_STANDARD_LIBRARIES = YES;
				INFOPLIST_FILE = "Sirius-SwiftUITests/Info.plist";
				LD_RUNPATH_SEARCH_PATHS = "$(inherited) @executable_path/Frameworks @loader_path/Frameworks";
				PRODUCT_BUNDLE_IDENTIFIER = "Just.Sirius-SwiftUITests";
				PRODUCT_NAME = "$(TARGET_NAME)";
				SWIFT_VERSION = 3.0;
				TEST_TARGET_NAME = "Sirius-Swift";
			};
			name = Release;
		};
/* End XCBuildConfiguration section */

/* Begin XCConfigurationList section */
		AFDEDE1C1EE798AD00BF654D /* Build configuration list for PBXProject "Sirius-Swift" */ = {
			isa = XCConfigurationList;
			buildConfigurations = (
				AFDEDE471EE798AD00BF654D /* Debug */,
				AFDEDE481EE798AD00BF654D /* Release */,
			);
			defaultConfigurationIsVisible = 0;
			defaultConfigurationName = Release;
		};
		AFDEDE491EE798AD00BF654D /* Build configuration list for PBXNativeTarget "Sirius-Swift" */ = {
			isa = XCConfigurationList;
			buildConfigurations = (
				AFDEDE4A1EE798AD00BF654D /* Debug */,
				AFDEDE4B1EE798AD00BF654D /* Release */,
			);
			defaultConfigurationIsVisible = 0;
			defaultConfigurationName = Release;
		};
		AFDEDE4C1EE798AD00BF654D /* Build configuration list for PBXNativeTarget "Sirius-SwiftTests" */ = {
			isa = XCConfigurationList;
			buildConfigurations = (
				AFDEDE4D1EE798AD00BF654D /* Debug */,
				AFDEDE4E1EE798AD00BF654D /* Release */,
			);
			defaultConfigurationIsVisible = 0;
			defaultConfigurationName = Release;
		};
		AFDEDE4F1EE798AD00BF654D /* Build configuration list for PBXNativeTarget "Sirius-SwiftUITests" */ = {
			isa = XCConfigurationList;
			buildConfigurations = (
				AFDEDE501EE798AD00BF654D /* Debug */,
				AFDEDE511EE798AD00BF654D /* Release */,
			);
			defaultConfigurationIsVisible = 0;
			defaultConfigurationName = Release;
		};
/* End XCConfigurationList section */
	};
	rootObject = AFDEDE191EE798AD00BF654D /* Project object */;
}
